<?xml version="1.0" encoding="utf-8"?>
<Project ToolsVersion="4.0" xmlns="http://schemas.microsoft.com/developer/msbuild/2003">
  <ItemGroup>
    <Filter Include="Source Files">
      <UniqueIdentifier>{4FC737F1-C7A5-4376-A066-2A32D752A2FF}</UniqueIdentifier>
      <Extensions>cpp;c;cc;cxx;def;odl;idl;hpj;bat;asm;asmx</Extensions>
    </Filter>
    <Filter Include="States">
      <UniqueIdentifier>{256d496b-f7f5-407d-9e3e-b7aef47c818a}</UniqueIdentifier>
    </Filter>
    <Filter Include="Util">
      <UniqueIdentifier>{3ba30d66-cbed-4c4a-962c-435bcd6bc2a1}</UniqueIdentifier>
    </Filter>
    <Filter Include="Game">
      <UniqueIdentifier>{9f2222a2-8b38-486f-995e-302f039e987a}</UniqueIdentifier>
    </Filter>
    <Filter Include="Shaders">
      <UniqueIdentifier>{36f0e119-3e57-4070-90b8-92ef9971c2be}</UniqueIdentifier>
    </Filter>
    <Filter Include="OpenGL">
      <UniqueIdentifier>{11219b62-d6b6-4a9f-b74a-488872f09bb6}</UniqueIdentifier>
    </Filter>
    <Filter Include="Graphics">
      <UniqueIdentifier>{7c0e0006-8d77-4960-be47-3727a9f6694d}</UniqueIdentifier>
    </Filter>
  </ItemGroup>
  <ItemGroup>
    <ClInclude Include="GameState.hpp">
      <Filter>States</Filter>
    </ClInclude>
    <ClInclude Include="MenuState.hpp">
      <Filter>States</Filter>
    </ClInclude>
    <ClInclude Include="Config.hpp">
      <Filter>Util</Filter>
    </ClInclude>
    <ClInclude Include="Game.hpp">
      <Filter>Game</Filter>
    </ClInclude>
    <ClInclude Include="IngameState.hpp">
      <Filter>States</Filter>
    </ClInclude>
    <ClInclude Include="Mesh.hpp">
      <Filter>OpenGL</Filter>
    </ClInclude>
    <ClInclude Include="Shader.hpp">
      <Filter>OpenGL</Filter>
    </ClInclude>
    <ClInclude Include="Transform.hpp">
      <Filter>OpenGL</Filter>
    </ClInclude>
    <ClInclude Include="World.hpp">
      <Filter>Game</Filter>
    </ClInclude>
    <ClInclude Include="Chunk.hpp">
      <Filter>Game</Filter>
    </ClInclude>
    <ClInclude Include="Block.hpp">
      <Filter>Game</Filter>
    </ClInclude>
    <ClInclude Include="Blocks.hpp">
      <Filter>Game</Filter>
    </ClInclude>
    <ClInclude Include="Textures.hpp">
      <Filter>Game</Filter>
    </ClInclude>
    <ClInclude Include="BlockFaceMesh.hpp">
      <Filter>Graphics</Filter>
    </ClInclude>
    <ClInclude Include="TextureAtlas.hpp">
      <Filter>OpenGL</Filter>
    </ClInclude>
    <ClInclude Include="PerlinNoise.hpp">
      <Filter>Util</Filter>
    </ClInclude>
    <ClInclude Include="Maths.hpp">
      <Filter>Util</Filter>
    </ClInclude>
    <ClInclude Include="Shaders.hpp">
      <Filter>Graphics</Filter>
    </ClInclude>
    <ClInclude Include="Util.hpp">
      <Filter>Util</Filter>
    </ClInclude>
  </ItemGroup>
  <ItemGroup>
    <ClCompile Include="MenuState.cpp">
      <Filter>States</Filter>
    </ClCompile>
    <ClCompile Include="Config.cpp">
      <Filter>Util</Filter>
    </ClCompile>
    <ClCompile Include="Game.cpp">
      <Filter>Game</Filter>
    </ClCompile>
    <ClCompile Include="main.cpp">
      <Filter>Game</Filter>
    </ClCompile>
    <ClCompile Include="IngameState.cpp">
      <Filter>States</Filter>
    </ClCompile>
    <ClCompile Include="Mesh.cpp">
      <Filter>OpenGL</Filter>
    </ClCompile>
    <ClCompile Include="Shader.cpp">
      <Filter>OpenGL</Filter>
    </ClCompile>
    <ClCompile Include="Transform.cpp">
      <Filter>OpenGL</Filter>
    </ClCompile>
    <ClCompile Include="World.cpp">
      <Filter>Game</Filter>
    </ClCompile>
    <ClCompile Include="Chunk.cpp">
      <Filter>Game</Filter>
    </ClCompile>
    <ClCompile Include="Block.cpp">
      <Filter>Game</Filter>
    </ClCompile>
    <ClCompile Include="Textures.cpp">
      <Filter>Game</Filter>
    </ClCompile>
    <ClCompile Include="BlockFaceMesh.cpp">
      <Filter>Graphics</Filter>
    </ClCompile>
    <ClCompile Include="Blocks.cpp">
      <Filter>Game</Filter>
    </ClCompile>
    <ClCompile Include="stb_image.h">
      <Filter>Graphics</Filter>
    </ClCompile>
    <ClCompile Include="TextureAtlas.cpp">
      <Filter>OpenGL</Filter>
    </ClCompile>
    <ClCompile Include="Shaders.cpp">
      <Filter>Graphics</Filter>
    </ClCompile>
  </ItemGroup>
  <ItemGroup>
    <None Include="shaders\shaderBasic.fs">
      <Filter>Shaders</Filter>
    </None>
    <None Include="shaders\shaderBasic.vs">
      <Filter>Shaders</Filter>
    </None>
  </ItemGroup>
</Project>